
Microsoft Visual Studio Solution File, Format Version 12.00
# Visual Studio Version 16
VisualStudioVersion = 16.0.30320.27
MinimumVisualStudioVersion = 10.0.40219.1
Project("{FAE04EC0-301F-11D3-BF4B-00C04F79EFBC}") = "AAAAAAA", "AAAAAAA.csproj", "{0EDC49E2-DFE5-4BA3-84DD-672C086B4663}"
EndProject
Global
	GlobalSection(SolutionConfigurationPlatforms) = preSolution
		Debug|Any CPU = Debug|Any CPU
		Release|Any CPU = Release|Any CPU
	EndGlobalSection
	GlobalSection(ProjectConfigurationPlatforms) = postSolution
		{0EDC49E2-DFE5-4BA3-84DD-672C086B4663}.Debug|Any CPU.ActiveCfg = Debug|Any CPU
		{0EDC49E2-DFE5-4BA3-84DD-672C086B4663}.Debug|Any CPU.Build.0 = Debug|Any CPU
		{0EDC49E2-DFE5-4BA3-84DD-672C086B4663}.Release|Any CPU.ActiveCfg = Release|Any CPU
		{0EDC49E2-DFE5-4BA3-84DD-672C086B4663}.Release|Any CPU.Build.0 = Release|Any CPU
	EndGlobalSection
	GlobalSection(SolutionProperties) = preSolution
		HideSolutionNode = FALSE
	EndGlobalSection
	GlobalSection(ExtensibilityGlobals) = postSolution
		SolutionGuid = {36CC54FB-5EB9-45CF-BDD6-FC03E286DC81}
	EndGlobalSection
EndGlobal
